
Microsoft Visual Studio Solution File, Format Version 12.00
# Visual Studio Version 16
VisualStudioVersion = 16.0.31205.134
MinimumVisualStudioVersion = 10.0.40219.1
Project("{FAE04EC0-301F-11D3-BF4B-00C04F79EFBC}") = "EscolaAPI", "EscolaAPI.csproj", "{FE1FE9B8-2A05-4F75-8DF9-3D893462AD2F}"
EndProject
Global
	GlobalSection(SolutionConfigurationPlatforms) = preSolution
		Debug|Any CPU = Debug|Any CPU
		Release|Any CPU = Release|Any CPU
	EndGlobalSection
	GlobalSection(ProjectConfigurationPlatforms) = postSolution
		{FE1FE9B8-2A05-4F75-8DF9-3D893462AD2F}.Debug|Any CPU.ActiveCfg = Debug|Any CPU
		{FE1FE9B8-2A05-4F75-8DF9-3D893462AD2F}.Debug|Any CPU.Build.0 = Debug|Any CPU
		{FE1FE9B8-2A05-4F75-8DF9-3D893462AD2F}.Release|Any CPU.ActiveCfg = Release|Any CPU
		{FE1FE9B8-2A05-4F75-8DF9-3D893462AD2F}.Release|Any CPU.Build.0 = Release|Any CPU
	EndGlobalSection
	GlobalSection(SolutionProperties) = preSolution
		HideSolutionNode = FALSE
	EndGlobalSection
	GlobalSection(ExtensibilityGlobals) = postSolution
		SolutionGuid = {8CC3B17B-421C-46C8-8658-95E4E82EAE74}
	EndGlobalSection
EndGlobal
